
Microsoft Visual Studio Solution File, Format Version 12.00
# Visual Studio Version 16
VisualStudioVersion = 25.0.1700.4
MinimumVisualStudioVersion = 10.0.40219.1
Project("{FAE04EC0-301F-11D3-BF4B-00C04F79EFBC}") = "KanyeVRonSwanson", "KanyeVRonSwanson\KanyeVRonSwanson.csproj", "{1BACAB01-60F1-4600-A3EE-8FDFC9F377D9}"
EndProject
Global
	GlobalSection(SolutionConfigurationPlatforms) = preSolution
		Debug|Any CPU = Debug|Any CPU
		Release|Any CPU = Release|Any CPU
	EndGlobalSection
	GlobalSection(ProjectConfigurationPlatforms) = postSolution
		{1BACAB01-60F1-4600-A3EE-8FDFC9F377D9}.Debug|Any CPU.ActiveCfg = Debug|Any CPU
		{1BACAB01-60F1-4600-A3EE-8FDFC9F377D9}.Debug|Any CPU.Build.0 = Debug|Any CPU
		{1BACAB01-60F1-4600-A3EE-8FDFC9F377D9}.Release|Any CPU.ActiveCfg = Release|Any CPU
		{1BACAB01-60F1-4600-A3EE-8FDFC9F377D9}.Release|Any CPU.Build.0 = Release|Any CPU
	EndGlobalSection
	GlobalSection(SolutionProperties) = preSolution
		HideSolutionNode = FALSE
	EndGlobalSection
	GlobalSection(ExtensibilityGlobals) = postSolution
		SolutionGuid = {2336E582-6506-4C40-A6F8-D3565BE7B94C}
	EndGlobalSection
EndGlobal
